
Microsoft Visual Studio Solution File, Format Version 12.00
# Visual Studio Version 16
VisualStudioVersion = 16.0.31515.178
MinimumVisualStudioVersion = 10.0.40219.1
Project("{9A19103F-16F7-4668-BE54-9A1E7A4F7556}") = "Repository", "Repository\Repository.csproj", "{539AFD2C-8C32-4B1F-A86A-B28280374DD9}"
EndProject
Project("{9A19103F-16F7-4668-BE54-9A1E7A4F7556}") = "Service", "Service\Service.csproj", "{48A317BE-51B7-43F5-A51F-7B0DED50CC80}"
EndProject
Project("{FAE04EC0-301F-11D3-BF4B-00C04F79EFBC}") = "WebApi", "WebApi\WebApi.csproj", "{566D4435-385B-4D9E-9464-FA7C2865FCFE}"
EndProject
Project("{FAE04EC0-301F-11D3-BF4B-00C04F79EFBC}") = "Domain", "Domain\Domain.csproj", "{6AC5AD0C-0F86-4911-82CD-61D6C5FB68B6}"
EndProject
Global
	GlobalSection(SolutionConfigurationPlatforms) = preSolution
		Debug|Any CPU = Debug|Any CPU
		Release|Any CPU = Release|Any CPU
	EndGlobalSection
	GlobalSection(ProjectConfigurationPlatforms) = postSolution
		{539AFD2C-8C32-4B1F-A86A-B28280374DD9}.Debug|Any CPU.ActiveCfg = Debug|Any CPU
		{539AFD2C-8C32-4B1F-A86A-B28280374DD9}.Debug|Any CPU.Build.0 = Debug|Any CPU
		{539AFD2C-8C32-4B1F-A86A-B28280374DD9}.Release|Any CPU.ActiveCfg = Release|Any CPU
		{539AFD2C-8C32-4B1F-A86A-B28280374DD9}.Release|Any CPU.Build.0 = Release|Any CPU
		{48A317BE-51B7-43F5-A51F-7B0DED50CC80}.Debug|Any CPU.ActiveCfg = Debug|Any CPU
		{48A317BE-51B7-43F5-A51F-7B0DED50CC80}.Debug|Any CPU.Build.0 = Debug|Any CPU
		{48A317BE-51B7-43F5-A51F-7B0DED50CC80}.Release|Any CPU.ActiveCfg = Release|Any CPU
		{48A317BE-51B7-43F5-A51F-7B0DED50CC80}.Release|Any CPU.Build.0 = Release|Any CPU
		{566D4435-385B-4D9E-9464-FA7C2865FCFE}.Debug|Any CPU.ActiveCfg = Debug|Any CPU
		{566D4435-385B-4D9E-9464-FA7C2865FCFE}.Debug|Any CPU.Build.0 = Debug|Any CPU
		{566D4435-385B-4D9E-9464-FA7C2865FCFE}.Release|Any CPU.ActiveCfg = Release|Any CPU
		{566D4435-385B-4D9E-9464-FA7C2865FCFE}.Release|Any CPU.Build.0 = Release|Any CPU
		{6AC5AD0C-0F86-4911-82CD-61D6C5FB68B6}.Debug|Any CPU.ActiveCfg = Debug|Any CPU
		{6AC5AD0C-0F86-4911-82CD-61D6C5FB68B6}.Debug|Any CPU.Build.0 = Debug|Any CPU
		{6AC5AD0C-0F86-4911-82CD-61D6C5FB68B6}.Release|Any CPU.ActiveCfg = Release|Any CPU
		{6AC5AD0C-0F86-4911-82CD-61D6C5FB68B6}.Release|Any CPU.Build.0 = Release|Any CPU
	EndGlobalSection
	GlobalSection(SolutionProperties) = preSolution
		HideSolutionNode = FALSE
	EndGlobalSection
	GlobalSection(ExtensibilityGlobals) = postSolution
		SolutionGuid = {35C1AD1A-666A-46C5-9B87-94D5D70CA94E}
	EndGlobalSection
EndGlobal
